// !$*UTF8*$!
{
	archiveVersion = 1;
	classes = {
	};
	objectVersion = 46;
	objects = {

/* Begin PBXBuildFile section */
		BE6CEEB585B0D214DD96D88D /* Pods.framework in Frameworks */ = {isa = PBXBuildFile; fileRef = 27824BF0D26E0F0E02449E31 /* Pods.framework */; settings = {ATTRIBUTES = (Weak, ); }; };
		D64A76881B89EBEA00A11973 /* CurrentWeatherViewController.swift in Sources */ = {isa = PBXBuildFile; fileRef = D64A76871B89EBEA00A11973 /* CurrentWeatherViewController.swift */; };
		D64A76961B89FDF700A11973 /* Weather.swift in Sources */ = {isa = PBXBuildFile; fileRef = D64A76951B89FDF700A11973 /* Weather.swift */; };
		D64A76981B8A082700A11973 /* MapViewController.swift in Sources */ = {isa = PBXBuildFile; fileRef = D64A76971B8A082700A11973 /* MapViewController.swift */; };
		D6E8D24E1B81021B0065D607 /* AppDelegate.swift in Sources */ = {isa = PBXBuildFile; fileRef = D6E8D24D1B81021B0065D607 /* AppDelegate.swift */; };
		D6E8D2511B81021B0065D607 /* WeatherHistory.xcdatamodeld in Sources */ = {isa = PBXBuildFile; fileRef = D6E8D24F1B81021B0065D607 /* WeatherHistory.xcdatamodeld */; };
		D6E8D2561B81021B0065D607 /* Main.storyboard in Resources */ = {isa = PBXBuildFile; fileRef = D6E8D2541B81021B0065D607 /* Main.storyboard */; };
		D6E8D2581B81021B0065D607 /* Images.xcassets in Resources */ = {isa = PBXBuildFile; fileRef = D6E8D2571B81021B0065D607 /* Images.xcassets */; };
		D6E8D25B1B81021B0065D607 /* LaunchScreen.xib in Resources */ = {isa = PBXBuildFile; fileRef = D6E8D2591B81021B0065D607 /* LaunchScreen.xib */; };
		D6E8D2671B81021B0065D607 /* WeatherHistoryTests.swift in Sources */ = {isa = PBXBuildFile; fileRef = D6E8D2661B81021B0065D607 /* WeatherHistoryTests.swift */; };
		D6E8D2711B8107590065D607 /* Settings.bundle in Resources */ = {isa = PBXBuildFile; fileRef = D6E8D2701B8107590065D607 /* Settings.bundle */; };
		D6E8D2731B8110220065D607 /* SettingsViewController.swift in Sources */ = {isa = PBXBuildFile; fileRef = D6E8D2721B8110220065D607 /* SettingsViewController.swift */; };
		D6E8D2751B811F810065D607 /* CoreLocation.framework in Frameworks */ = {isa = PBXBuildFile; fileRef = D6E8D2741B811F810065D607 /* CoreLocation.framework */; };
		D6EC1E321B88A8280012FC57 /* WeatherTableViewCell.swift in Sources */ = {isa = PBXBuildFile; fileRef = D6EC1E311B88A8280012FC57 /* WeatherTableViewCell.swift */; };
		D6EFFB751B8267C7003B7BB2 /* HistoryController.swift in Sources */ = {isa = PBXBuildFile; fileRef = D6EFFB741B8267C7003B7BB2 /* HistoryController.swift */; };
/* End PBXBuildFile section */

/* Begin PBXContainerItemProxy section */
		D6E8D2611B81021B0065D607 /* PBXContainerItemProxy */ = {
			isa = PBXContainerItemProxy;
			containerPortal = D6E8D2401B81021A0065D607 /* Project object */;
			proxyType = 1;
			remoteGlobalIDString = D6E8D2471B81021A0065D607;
			remoteInfo = WeatherHistory;
		};
/* End PBXContainerItemProxy section */

/* Begin PBXFileReference section */
		27824BF0D26E0F0E02449E31 /* Pods.framework */ = {isa = PBXFileReference; explicitFileType = wrapper.framework; includeInIndex = 0; path = Pods.framework; sourceTree = BUILT_PRODUCTS_DIR; };
		81BA86423E7BDF64324D8E8A /* Pods.release.xcconfig */ = {isa = PBXFileReference; includeInIndex = 1; lastKnownFileType = text.xcconfig; name = Pods.release.xcconfig; path = "Pods/Target Support Files/Pods/Pods.release.xcconfig"; sourceTree = "<group>"; };
		D64A76871B89EBEA00A11973 /* CurrentWeatherViewController.swift */ = {isa = PBXFileReference; fileEncoding = 4; lastKnownFileType = sourcecode.swift; name = CurrentWeatherViewController.swift; path = ../CurrentWeatherViewController.swift; sourceTree = "<group>"; };
		D64A76891B89F72900A11973 /* WeatherHistory-Bridging-Header.h */ = {isa = PBXFileReference; lastKnownFileType = sourcecode.c.h; path = "WeatherHistory-Bridging-Header.h"; sourceTree = "<group>"; };
		D64A76951B89FDF700A11973 /* Weather.swift */ = {isa = PBXFileReference; fileEncoding = 4; lastKnownFileType = sourcecode.swift; path = Weather.swift; sourceTree = "<group>"; };
		D64A76971B8A082700A11973 /* MapViewController.swift */ = {isa = PBXFileReference; fileEncoding = 4; lastKnownFileType = sourcecode.swift; path = MapViewController.swift; sourceTree = "<group>"; };
		D6E8D2481B81021A0065D607 /* WeatherHistory.app */ = {isa = PBXFileReference; explicitFileType = wrapper.application; includeInIndex = 0; path = WeatherHistory.app; sourceTree = BUILT_PRODUCTS_DIR; };
		D6E8D24C1B81021B0065D607 /* Info.plist */ = {isa = PBXFileReference; lastKnownFileType = text.plist.xml; path = Info.plist; sourceTree = "<group>"; };
		D6E8D24D1B81021B0065D607 /* AppDelegate.swift */ = {isa = PBXFileReference; lastKnownFileType = sourcecode.swift; path = AppDelegate.swift; sourceTree = "<group>"; };
		D6E8D2501B81021B0065D607 /* WeatherHistory.xcdatamodel */ = {isa = PBXFileReference; lastKnownFileType = wrapper.xcdatamodel; path = WeatherHistory.xcdatamodel; sourceTree = "<group>"; };
		D6E8D2551B81021B0065D607 /* Base */ = {isa = PBXFileReference; lastKnownFileType = file.storyboard; name = Base; path = Base.lproj/Main.storyboard; sourceTree = "<group>"; };
		D6E8D2571B81021B0065D607 /* Images.xcassets */ = {isa = PBXFileReference; lastKnownFileType = folder.assetcatalog; path = Images.xcassets; sourceTree = "<group>"; };
		D6E8D25A1B81021B0065D607 /* Base */ = {isa = PBXFileReference; lastKnownFileType = file.xib; name = Base; path = Base.lproj/LaunchScreen.xib; sourceTree = "<group>"; };
		D6E8D2601B81021B0065D607 /* WeatherHistoryTests.xctest */ = {isa = PBXFileReference; explicitFileType = wrapper.cfbundle; includeInIndex = 0; path = WeatherHistoryTests.xctest; sourceTree = BUILT_PRODUCTS_DIR; };
		D6E8D2651B81021B0065D607 /* Info.plist */ = {isa = PBXFileReference; lastKnownFileType = text.plist.xml; path = Info.plist; sourceTree = "<group>"; };
		D6E8D2661B81021B0065D607 /* WeatherHistoryTests.swift */ = {isa = PBXFileReference; lastKnownFileType = sourcecode.swift; path = WeatherHistoryTests.swift; sourceTree = "<group>"; };
		D6E8D2701B8107590065D607 /* Settings.bundle */ = {isa = PBXFileReference; lastKnownFileType = "wrapper.plug-in"; path = Settings.bundle; sourceTree = "<group>"; };
		D6E8D2721B8110220065D607 /* SettingsViewController.swift */ = {isa = PBXFileReference; fileEncoding = 4; lastKnownFileType = sourcecode.swift; path = SettingsViewController.swift; sourceTree = "<group>"; };
		D6E8D2741B811F810065D607 /* CoreLocation.framework */ = {isa = PBXFileReference; lastKnownFileType = wrapper.framework; name = CoreLocation.framework; path = System/Library/Frameworks/CoreLocation.framework; sourceTree = SDKROOT; };
		D6EC1E311B88A8280012FC57 /* WeatherTableViewCell.swift */ = {isa = PBXFileReference; fileEncoding = 4; lastKnownFileType = sourcecode.swift; path = WeatherTableViewCell.swift; sourceTree = "<group>"; };
		D6EFFB741B8267C7003B7BB2 /* HistoryController.swift */ = {isa = PBXFileReference; fileEncoding = 4; lastKnownFileType = sourcecode.swift; path = HistoryController.swift; sourceTree = "<group>"; };
		FB586F02D460C961B2171BB8 /* Pods.debug.xcconfig */ = {isa = PBXFileReference; includeInIndex = 1; lastKnownFileType = text.xcconfig; name = Pods.debug.xcconfig; path = "Pods/Target Support Files/Pods/Pods.debug.xcconfig"; sourceTree = "<group>"; };
/* End PBXFileReference section */

/* Begin PBXFrameworksBuildPhase section */
		D6E8D2451B81021A0065D607 /* Frameworks */ = {
			isa = PBXFrameworksBuildPhase;
			buildActionMask = 2147483647;
			files = (
				D6E8D2751B811F810065D607 /* CoreLocation.framework in Frameworks */,
				BE6CEEB585B0D214DD96D88D /* Pods.framework in Frameworks */,
			);
			runOnlyForDeploymentPostprocessing = 0;
		};
		D6E8D25D1B81021B0065D607 /* Frameworks */ = {
			isa = PBXFrameworksBuildPhase;
			buildActionMask = 2147483647;
			files = (
			);
			runOnlyForDeploymentPostprocessing = 0;
		};
/* End PBXFrameworksBuildPhase section */

/* Begin PBXGroup section */
		1AC0E55124019F62161969B7 /* Frameworks */ = {
			isa = PBXGroup;
			children = (
				D6E8D2741B811F810065D607 /* CoreLocation.framework */,
				27824BF0D26E0F0E02449E31 /* Pods.framework */,
			);
			name = Frameworks;
			sourceTree = "<group>";
		};
		D6E8D23F1B81021A0065D607 = {
			isa = PBXGroup;
			children = (
				D6E8D24A1B81021A0065D607 /* WeatherHistory */,
				D6E8D2631B81021B0065D607 /* WeatherHistoryTests */,
				D6E8D2491B81021A0065D607 /* Products */,
				FA9D9DE271C039D6CF434533 /* Pods */,
				1AC0E55124019F62161969B7 /* Frameworks */,
				D64A76891B89F72900A11973 /* WeatherHistory-Bridging-Header.h */,
			);
			sourceTree = "<group>";
		};
		D6E8D2491B81021A0065D607 /* Products */ = {
			isa = PBXGroup;
			children = (
				D6E8D2481B81021A0065D607 /* WeatherHistory.app */,
				D6E8D2601B81021B0065D607 /* WeatherHistoryTests.xctest */,
			);
			name = Products;
			sourceTree = "<group>";
		};
		D6E8D24A1B81021A0065D607 /* WeatherHistory */ = {
			isa = PBXGroup;
			children = (
				D64A76871B89EBEA00A11973 /* CurrentWeatherViewController.swift */,
				D6E8D24D1B81021B0065D607 /* AppDelegate.swift */,
				D6E8D2541B81021B0065D607 /* Main.storyboard */,
				D6E8D2571B81021B0065D607 /* Images.xcassets */,
				D6E8D2591B81021B0065D607 /* LaunchScreen.xib */,
				D6E8D24F1B81021B0065D607 /* WeatherHistory.xcdatamodeld */,
				D64A76951B89FDF700A11973 /* Weather.swift */,
				D6E8D24B1B81021B0065D607 /* Supporting Files */,
				D6E8D2701B8107590065D607 /* Settings.bundle */,
				D6E8D2721B8110220065D607 /* SettingsViewController.swift */,
				D6EFFB741B8267C7003B7BB2 /* HistoryController.swift */,
				D6EC1E311B88A8280012FC57 /* WeatherTableViewCell.swift */,
				D64A76971B8A082700A11973 /* MapViewController.swift */,
			);
			path = WeatherHistory;
			sourceTree = "<group>";
		};
		D6E8D24B1B81021B0065D607 /* Supporting Files */ = {
			isa = PBXGroup;
			children = (
				D6E8D24C1B81021B0065D607 /* Info.plist */,
			);
			name = "Supporting Files";
			sourceTree = "<group>";
		};
		D6E8D2631B81021B0065D607 /* WeatherHistoryTests */ = {
			isa = PBXGroup;
			children = (
				D6E8D2661B81021B0065D607 /* WeatherHistoryTests.swift */,
				D6E8D2641B81021B0065D607 /* Supporting Files */,
			);
			path = WeatherHistoryTests;
			sourceTree = "<group>";
		};
		D6E8D2641B81021B0065D607 /* Supporting Files */ = {
			isa = PBXGroup;
			children = (
				D6E8D2651B81021B0065D607 /* Info.plist */,
			);
			name = "Supporting Files";
			sourceTree = "<group>";
		};
		FA9D9DE271C039D6CF434533 /* Pods */ = {
			isa = PBXGroup;
			children = (
				FB586F02D460C961B2171BB8 /* Pods.debug.xcconfig */,
				81BA86423E7BDF64324D8E8A /* Pods.release.xcconfig */,
			);
			name = Pods;
			sourceTree = "<group>";
		};
/* End PBXGroup section */

/* Begin PBXNativeTarget section */
		D6E8D2471B81021A0065D607 /* WeatherHistory */ = {
			isa = PBXNativeTarget;
			buildConfigurationList = D6E8D26A1B81021B0065D607 /* Build configuration list for PBXNativeTarget "WeatherHistory" */;
			buildPhases = (
				E7E59E3A7DB385CE02640F40 /* Check Pods Manifest.lock */,
				D6E8D2441B81021A0065D607 /* Sources */,
				D6E8D2451B81021A0065D607 /* Frameworks */,
				D6E8D2461B81021A0065D607 /* Resources */,
				177BE1BEA6F01FD90CBDCDE2 /* Embed Pods Frameworks */,
				668AD0F07761A8E10AA220DD /* Copy Pods Resources */,
			);
			buildRules = (
			);
			dependencies = (
			);
			name = WeatherHistory;
			productName = WeatherHistory;
			productReference = D6E8D2481B81021A0065D607 /* WeatherHistory.app */;
			productType = "com.apple.product-type.application";
		};
		D6E8D25F1B81021B0065D607 /* WeatherHistoryTests */ = {
			isa = PBXNativeTarget;
			buildConfigurationList = D6E8D26D1B81021B0065D607 /* Build configuration list for PBXNativeTarget "WeatherHistoryTests" */;
			buildPhases = (
				D6E8D25C1B81021B0065D607 /* Sources */,
				D6E8D25D1B81021B0065D607 /* Frameworks */,
				D6E8D25E1B81021B0065D607 /* Resources */,
			);
			buildRules = (
			);
			dependencies = (
				D6E8D2621B81021B0065D607 /* PBXTargetDependency */,
			);
			name = WeatherHistoryTests;
			productName = WeatherHistoryTests;
			productReference = D6E8D2601B81021B0065D607 /* WeatherHistoryTests.xctest */;
			productType = "com.apple.product-type.bundle.unit-test";
		};
/* End PBXNativeTarget section */

/* Begin PBXProject section */
		D6E8D2401B81021A0065D607 /* Project object */ = {
			isa = PBXProject;
			attributes = {
				LastUpgradeCheck = 0630;
				ORGANIZATIONNAME = boydbueno;
				TargetAttributes = {
					D6E8D2471B81021A0065D607 = {
						CreatedOnToolsVersion = 6.3.2;
					};
					D6E8D25F1B81021B0065D607 = {
						CreatedOnToolsVersion = 6.3.2;
						TestTargetID = D6E8D2471B81021A0065D607;
					};
				};
			};
			buildConfigurationList = D6E8D2431B81021A0065D607 /* Build configuration list for PBXProject "WeatherHistory" */;
			compatibilityVersion = "Xcode 3.2";
			developmentRegion = English;
			hasScannedForEncodings = 0;
			knownRegions = (
				en,
				Base,
			);
			mainGroup = D6E8D23F1B81021A0065D607;
			productRefGroup = D6E8D2491B81021A0065D607 /* Products */;
			projectDirPath = "";
			projectRoot = "";
			targets = (
				D6E8D2471B81021A0065D607 /* WeatherHistory */,
				D6E8D25F1B81021B0065D607 /* WeatherHistoryTests */,
			);
		};
/* End PBXProject section */

/* Begin PBXResourcesBuildPhase section */
		D6E8D2461B81021A0065D607 /* Resources */ = {
			isa = PBXResourcesBuildPhase;
			buildActionMask = 2147483647;
			files = (
				D6E8D2711B8107590065D607 /* Settings.bundle in Resources */,
				D6E8D2561B81021B0065D607 /* Main.storyboard in Resources */,
				D6E8D25B1B81021B0065D607 /* LaunchScreen.xib in Resources */,
				D6E8D2581B81021B0065D607 /* Images.xcassets in Resources */,
			);
			runOnlyForDeploymentPostprocessing = 0;
		};
		D6E8D25E1B81021B0065D607 /* Resources */ = {
			isa = PBXResourcesBuildPhase;
			buildActionMask = 2147483647;
			files = (
			);
			runOnlyForDeploymentPostprocessing = 0;
		};
/* End PBXResourcesBuildPhase section */

/* Begin PBXShellScriptBuildPhase section */
		177BE1BEA6F01FD90CBDCDE2 /* Embed Pods Frameworks */ = {
			isa = PBXShellScriptBuildPhase;
			buildActionMask = 2147483647;
			files = (
			);
			inputPaths = (
			);
			name = "Embed Pods Frameworks";
			outputPaths = (
			);
			runOnlyForDeploymentPostprocessing = 0;
			shellPath = /bin/sh;
			shellScript = "\"${SRCROOT}/Pods/Target Support Files/Pods/Pods-frameworks.sh\"\n";
			showEnvVarsInLog = 0;
		};
		668AD0F07761A8E10AA220DD /* Copy Pods Resources */ = {
			isa = PBXShellScriptBuildPhase;
			buildActionMask = 2147483647;
			files = (
			);
			inputPaths = (
			);
			name = "Copy Pods Resources";
			outputPaths = (
			);
			runOnlyForDeploymentPostprocessing = 0;
			shellPath = /bin/sh;
			shellScript = "\"${SRCROOT}/Pods/Target Support Files/Pods/Pods-resources.sh\"\n";
			showEnvVarsInLog = 0;
		};
		E7E59E3A7DB385CE02640F40 /* Check Pods Manifest.lock */ = {
			isa = PBXShellScriptBuildPhase;
			buildActionMask = 2147483647;
			files = (
			);
			inputPaths = (
			);
			name = "Check Pods Manifest.lock";
			outputPaths = (
			);
			runOnlyForDeploymentPostprocessing = 0;
			shellPath = /bin/sh;
			shellScript = "diff \"${PODS_ROOT}/../Podfile.lock\" \"${PODS_ROOT}/Manifest.lock\" > /dev/null\nif [[ $? != 0 ]] ; then\n    cat << EOM\nerror: The sandbox is not in sync with the Podfile.lock. Run 'pod install' or update your CocoaPods installation.\nEOM\n    exit 1\nfi\n";
			showEnvVarsInLog = 0;
		};
/* End PBXShellScriptBuildPhase section */

/* Begin PBXSourcesBuildPhase section */
		D6E8D2441B81021A0065D607 /* Sources */ = {
			isa = PBXSourcesBuildPhase;
			buildActionMask = 2147483647;
			files = (
				D6EC1E321B88A8280012FC57 /* WeatherTableViewCell.swift in Sources */,
				D6EFFB751B8267C7003B7BB2 /* HistoryController.swift in Sources */,
				D6E8D24E1B81021B0065D607 /* AppDelegate.swift in Sources */,
				D6E8D2511B81021B0065D607 /* WeatherHistory.xcdatamodeld in Sources */,
				D6E8D2731B8110220065D607 /* SettingsViewController.swift in Sources */,
				D64A76881B89EBEA00A11973 /* CurrentWeatherViewController.swift in Sources */,
				D64A76961B89FDF700A11973 /* Weather.swift in Sources */,
				D64A76981B8A082700A11973 /* MapViewController.swift in Sources */,
			);
			runOnlyForDeploymentPostprocessing = 0;
		};
		D6E8D25C1B81021B0065D607 /* Sources */ = {
			isa = PBXSourcesBuildPhase;
			buildActionMask = 2147483647;
			files = (
				D6E8D2671B81021B0065D607 /* WeatherHistoryTests.swift in Sources */,
			);
			runOnlyForDeploymentPostprocessing = 0;
		};
/* End PBXSourcesBuildPhase section */

/* Begin PBXTargetDependency section */
		D6E8D2621B81021B0065D607 /* PBXTargetDependency */ = {
			isa = PBXTargetDependency;
			target = D6E8D2471B81021A0065D607 /* WeatherHistory */;
			targetProxy = D6E8D2611B81021B0065D607 /* PBXContainerItemProxy */;
		};
/* End PBXTargetDependency section */

/* Begin PBXVariantGroup section */
		D6E8D2541B81021B0065D607 /* Main.storyboard */ = {
			isa = PBXVariantGroup;
			children = (
				D6E8D2551B81021B0065D607 /* Base */,
			);
			name = Main.storyboard;
			sourceTree = "<group>";
		};
		D6E8D2591B81021B0065D607 /* LaunchScreen.xib */ = {
			isa = PBXVariantGroup;
			children = (
				D6E8D25A1B81021B0065D607 /* Base */,
			);
			name = LaunchScreen.xib;
			sourceTree = "<group>";
		};
/* End PBXVariantGroup section */

/* Begin XCBuildConfiguration section */
		D6E8D2681B81021B0065D607 /* Debug */ = {
			isa = XCBuildConfiguration;
			buildSettings = {
				ALWAYS_SEARCH_USER_PATHS = NO;
				CLANG_CXX_LANGUAGE_STANDARD = "gnu++0x";
				CLANG_CXX_LIBRARY = "libc++";
				CLANG_ENABLE_MODULES = YES;
				CLANG_ENABLE_OBJC_ARC = YES;
				CLANG_WARN_BOOL_CONVERSION = YES;
				CLANG_WARN_CONSTANT_CONVERSION = YES;
				CLANG_WARN_DIRECT_OBJC_ISA_USAGE = YES_ERROR;
				CLANG_WARN_EMPTY_BODY = YES;
				CLANG_WARN_ENUM_CONVERSION = YES;
				CLANG_WARN_INT_CONVERSION = YES;
				CLANG_WARN_OBJC_ROOT_CLASS = YES_ERROR;
				CLANG_WARN_UNREACHABLE_CODE = YES;
				CLANG_WARN__DUPLICATE_METHOD_MATCH = YES;
				"CODE_SIGN_IDENTITY[sdk=iphoneos*]" = "iPhone Developer";
				COPY_PHASE_STRIP = NO;
				DEBUG_INFORMATION_FORMAT = "dwarf-with-dsym";
				ENABLE_STRICT_OBJC_MSGSEND = YES;
				GCC_C_LANGUAGE_STANDARD = gnu99;
				GCC_DYNAMIC_NO_PIC = NO;
				GCC_NO_COMMON_BLOCKS = YES;
				GCC_OPTIMIZATION_LEVEL = 0;
				GCC_PREPROCESSOR_DEFINITIONS = (
					"DEBUG=1",
					"$(inherited)",
				);
				GCC_SYMBOLS_PRIVATE_EXTERN = NO;
				GCC_WARN_64_TO_32_BIT_CONVERSION = YES;
				GCC_WARN_ABOUT_RETURN_TYPE = YES_ERROR;
				GCC_WARN_UNDECLARED_SELECTOR = YES;
				GCC_WARN_UNINITIALIZED_AUTOS = YES_AGGRESSIVE;
				GCC_WARN_UNUSED_FUNCTION = YES;
				GCC_WARN_UNUSED_VARIABLE = YES;
				IPHONEOS_DEPLOYMENT_TARGET = 8.3;
				MTL_ENABLE_DEBUG_INFO = YES;
				ONLY_ACTIVE_ARCH = YES;
				SDKROOT = iphoneos;
				SWIFT_OPTIMIZATION_LEVEL = "-Onone";
				TARGETED_DEVICE_FAMILY = "1,2";
			};
			name = Debug;
		};
		D6E8D2691B81021B0065D607 /* Release */ = {
			isa = XCBuildConfiguration;
			buildSettings = {
				ALWAYS_SEARCH_USER_PATHS = NO;
				CLANG_CXX_LANGUAGE_STANDARD = "gnu++0x";
				CLANG_CXX_LIBRARY = "libc++";
				CLANG_ENABLE_MODULES = YES;
				CLANG_ENABLE_OBJC_ARC = YES;
				CLANG_WARN_BOOL_CONVERSION = YES;
				CLANG_WARN_CONSTANT_CONVERSION = YES;
				CLANG_WARN_DIRECT_OBJC_ISA_USAGE = YES_ERROR;
				CLANG_WARN_EMPTY_BODY = YES;
				CLANG_WARN_ENUM_CONVERSION = YES;
				CLANG_WARN_INT_CONVERSION = YES;
				CLANG_WARN_OBJC_ROOT_CLASS = YES_ERROR;
				CLANG_WARN_UNREACHABLE_CODE = YES;
				CLANG_WARN__DUPLICATE_METHOD_MATCH = YES;
				"CODE_SIGN_IDENTITY[sdk=iphoneos*]" = "iPhone Developer";
				COPY_PHASE_STRIP = NO;
				DEBUG_INFORMATION_FORMAT = "dwarf-with-dsym";
				ENABLE_NS_ASSERTIONS = NO;
				ENABLE_STRICT_OBJC_MSGSEND = YES;
				GCC_C_LANGUAGE_STANDARD = gnu99;
				GCC_NO_COMMON_BLOCKS = YES;
				GCC_WARN_64_TO_32_BIT_CONVERSION = YES;
				GCC_WARN_ABOUT_RETURN_TYPE = YES_ERROR;
				GCC_WARN_UNDECLARED_SELECTOR = YES;
				GCC_WARN_UNINITIALIZED_AUTOS = YES_AGGRESSIVE;
				GCC_WARN_UNUSED_FUNCTION = YES;
				GCC_WARN_UNUSED_VARIABLE = YES;
				IPHONEOS_DEPLOYMENT_TARGET = 8.3;
				MTL_ENABLE_DEBUG_INFO = NO;
				SDKROOT = iphoneos;
				TARGETED_DEVICE_FAMILY = "1,2";
				VALIDATE_PRODUCT = YES;
			};
			name = Release;
		};
		D6E8D26B1B81021B0065D607 /* Debug */ = {
			isa = XCBuildConfiguration;
			baseConfigurationReference = FB586F02D460C961B2171BB8 /* Pods.debug.xcconfig */;
			buildSettings = {
				ASSETCATALOG_COMPILER_APPICON_NAME = AppIcon;
				CLANG_ENABLE_MODULES = YES;
				INFOPLIST_FILE = WeatherHistory/Info.plist;
				LD_RUNPATH_SEARCH_PATHS = "$(inherited) @executable_path/Frameworks";
				PRODUCT_NAME = "$(TARGET_NAME)";
				SWIFT_OBJC_BRIDGING_HEADER = "WeatherHistory-Bridging-Header.h";
				SWIFT_OPTIMIZATION_LEVEL = "-Onone";
			};
			name = Debug;
		};
		D6E8D26C1B81021B0065D607 /* Release */ = {
			isa = XCBuildConfiguration;
			baseConfigurationReference = 81BA86423E7BDF64324D8E8A /* Pods.release.xcconfig */;
			buildSettings = {
				ASSETCATALOG_COMPILER_APPICON_NAME = AppIcon;
				CLANG_ENABLE_MODULES = YES;
				INFOPLIST_FILE = WeatherHistory/Info.plist;
				LD_RUNPATH_SEARCH_PATHS = "$(inherited) @executable_path/Frameworks";
				PRODUCT_NAME = "$(TARGET_NAME)";
				SWIFT_OBJC_BRIDGING_HEADER = "WeatherHistory-Bridging-Header.h";
			};
			name = Release;
		};
		D6E8D26E1B81021B0065D607 /* Debug */ = {
			isa = XCBuildConfiguration;
			buildSettings = {
				BUNDLE_LOADER = "$(TEST_HOST)";
				FRAMEWORK_SEARCH_PATHS = (
					"$(SDKROOT)/Developer/Library/Frameworks",
					"$(inherited)",
				);
				GCC_PREPROCESSOR_DEFINITIONS = (
					"DEBUG=1",
					"$(inherited)",
				);
				INFOPLIST_FILE = WeatherHistoryTests/Info.plist;
				LD_RUNPATH_SEARCH_PATHS = "$(inherited) @executable_path/Frameworks @loader_path/Frameworks";
				PRODUCT_NAME = "$(TARGET_NAME)";
				TEST_HOST = "$(BUILT_PRODUCTS_DIR)/WeatherHistory.app/WeatherHistory";
			};
			name = Debug;
		};
		D6E8D26F1B81021B0065D607 /* Release */ = {
			isa = XCBuildConfiguration;
			buildSettings = {
				BUNDLE_LOADER = "$(TEST_HOST)";
				FRAMEWORK_SEARCH_PATHS = (
					"$(SDKROOT)/Developer/Library/Frameworks",
					"$(inherited)",
				);
				INFOPLIST_FILE = WeatherHistoryTests/Info.plist;
				LD_RUNPATH_SEARCH_PATHS = "$(inherited) @executable_path/Frameworks @loader_path/Frameworks";
				PRODUCT_NAME = "$(TARGET_NAME)";
				TEST_HOST = "$(BUILT_PRODUCTS_DIR)/WeatherHistory.app/WeatherHistory";
			};
			name = Release;
		};
/* End XCBuildConfiguration section */

/* Begin XCConfigurationList section */
		D6E8D2431B81021A0065D607 /* Build configuration list for PBXProject "WeatherHistory" */ = {
			isa = XCConfigurationList;
			buildConfigurations = (
				D6E8D2681B81021B0065D607 /* Debug */,
				D6E8D2691B81021B0065D607 /* Release */,
			);
			defaultConfigurationIsVisible = 0;
			defaultConfigurationName = Release;
		};
		D6E8D26A1B81021B0065D607 /* Build configuration list for PBXNativeTarget "WeatherHistory" */ = {
			isa = XCConfigurationList;
			buildConfigurations = (
				D6E8D26B1B81021B0065D607 /* Debug */,
				D6E8D26C1B81021B0065D607 /* Release */,
			);
			defaultConfigurationIsVisible = 0;
			defaultConfigurationName = Release;
		};
		D6E8D26D1B81021B0065D607 /* Build configuration list for PBXNativeTarget "WeatherHistoryTests" */ = {
			isa = XCConfigurationList;
			buildConfigurations = (
				D6E8D26E1B81021B0065D607 /* Debug */,
				D6E8D26F1B81021B0065D607 /* Release */,
			);
			defaultConfigurationIsVisible = 0;
			defaultConfigurationName = Release;
		};
/* End XCConfigurationList section */

/* Begin XCVersionGroup section */
		D6E8D24F1B81021B0065D607 /* WeatherHistory.xcdatamodeld */ = {
			isa = XCVersionGroup;
			children = (
				D6E8D2501B81021B0065D607 /* WeatherHistory.xcdatamodel */,
			);
			currentVersion = D6E8D2501B81021B0065D607 /* WeatherHistory.xcdatamodel */;
			path = WeatherHistory.xcdatamodeld;
			sourceTree = "<group>";
			versionGroupType = wrapper.xcdatamodel;
		};
/* End XCVersionGroup section */
	};
	rootObject = D6E8D2401B81021A0065D607 /* Project object */;
}
